// !$*UTF8*$!
{
	archiveVersion = 1;
	classes = {
	};
	objectVersion = 46;
	objects = {

/* Begin PBXBuildFile section */
		908EB7B61D394E0F00733E6D /* AppDelegate.swift in Sources */ = {isa = PBXBuildFile; fileRef = 908EB7B51D394E0F00733E6D /* AppDelegate.swift */; };
		908EB7B81D394E0F00733E6D /* ViewController.swift in Sources */ = {isa = PBXBuildFile; fileRef = 908EB7B71D394E0F00733E6D /* ViewController.swift */; };
		908EB7BB1D394E0F00733E6D /* Main.storyboard in Resources */ = {isa = PBXBuildFile; fileRef = 908EB7B91D394E0F00733E6D /* Main.storyboard */; };
		908EB7BD1D394E0F00733E6D /* Assets.xcassets in Resources */ = {isa = PBXBuildFile; fileRef = 908EB7BC1D394E0F00733E6D /* Assets.xcassets */; };
		908EB7C01D394E0F00733E6D /* LaunchScreen.storyboard in Resources */ = {isa = PBXBuildFile; fileRef = 908EB7BE1D394E0F00733E6D /* LaunchScreen.storyboard */; };
		908EB7CB1D394E0F00733E6D /* Test_iOS_AppTests.swift in Sources */ = {isa = PBXBuildFile; fileRef = 908EB7CA1D394E0F00733E6D /* Test_iOS_AppTests.swift */; };
		908EB7D61D394E0F00733E6D /* Test_iOS_AppUITests.swift in Sources */ = {isa = PBXBuildFile; fileRef = 908EB7D51D394E0F00733E6D /* Test_iOS_AppUITests.swift */; };
/* End PBXBuildFile section */

/* Begin PBXContainerItemProxy section */
		908EB7C71D394E0F00733E6D /* PBXContainerItemProxy */ = {
			isa = PBXContainerItemProxy;
			containerPortal = 908EB7AA1D394E0F00733E6D /* Project object */;
			proxyType = 1;
			remoteGlobalIDString = 908EB7B11D394E0F00733E6D;
			remoteInfo = "Test iOS App";
		};
		908EB7D21D394E0F00733E6D /* PBXContainerItemProxy */ = {
			isa = PBXContainerItemProxy;
			containerPortal = 908EB7AA1D394E0F00733E6D /* Project object */;
			proxyType = 1;
			remoteGlobalIDString = 908EB7B11D394E0F00733E6D;
			remoteInfo = "Test iOS App";
		};
/* End PBXContainerItemProxy section */

/* Begin PBXFileReference section */
		908EB7B21D394E0F00733E6D /* Test iOS App.app */ = {isa = PBXFileReference; explicitFileType = wrapper.application; includeInIndex = 0; path = "Test iOS App.app"; sourceTree = BUILT_PRODUCTS_DIR; };
		908EB7B51D394E0F00733E6D /* AppDelegate.swift */ = {isa = PBXFileReference; lastKnownFileType = sourcecode.swift; path = AppDelegate.swift; sourceTree = "<group>"; };
		908EB7B71D394E0F00733E6D /* ViewController.swift */ = {isa = PBXFileReference; lastKnownFileType = sourcecode.swift; path = ViewController.swift; sourceTree = "<group>"; };
		908EB7BA1D394E0F00733E6D /* Base */ = {isa = PBXFileReference; lastKnownFileType = file.storyboard; name = Base; path = Base.lproj/Main.storyboard; sourceTree = "<group>"; };
		908EB7BC1D394E0F00733E6D /* Assets.xcassets */ = {isa = PBXFileReference; lastKnownFileType = folder.assetcatalog; path = Assets.xcassets; sourceTree = "<group>"; };
		908EB7BF1D394E0F00733E6D /* Base */ = {isa = PBXFileReference; lastKnownFileType = file.storyboard; name = Base; path = Base.lproj/LaunchScreen.storyboard; sourceTree = "<group>"; };
		908EB7C11D394E0F00733E6D /* Info.plist */ = {isa = PBXFileReference; lastKnownFileType = text.plist.xml; path = Info.plist; sourceTree = "<group>"; };
		908EB7C61D394E0F00733E6D /* Test iOS AppTests.xctest */ = {isa = PBXFileReference; explicitFileType = wrapper.cfbundle; includeInIndex = 0; path = "Test iOS AppTests.xctest"; sourceTree = BUILT_PRODUCTS_DIR; };
		908EB7CA1D394E0F00733E6D /* Test_iOS_AppTests.swift */ = {isa = PBXFileReference; lastKnownFileType = sourcecode.swift; path = Test_iOS_AppTests.swift; sourceTree = "<group>"; };
		908EB7CC1D394E0F00733E6D /* Info.plist */ = {isa = PBXFileReference; lastKnownFileType = text.plist.xml; path = Info.plist; sourceTree = "<group>"; };
		908EB7D11D394E0F00733E6D /* Test iOS AppUITests.xctest */ = {isa = PBXFileReference; explicitFileType = wrapper.cfbundle; includeInIndex = 0; path = "Test iOS AppUITests.xctest"; sourceTree = BUILT_PRODUCTS_DIR; };
		908EB7D51D394E0F00733E6D /* Test_iOS_AppUITests.swift */ = {isa = PBXFileReference; lastKnownFileType = sourcecode.swift; path = Test_iOS_AppUITests.swift; sourceTree = "<group>"; };
		908EB7D71D394E0F00733E6D /* Info.plist */ = {isa = PBXFileReference; lastKnownFileType = text.plist.xml; path = Info.plist; sourceTree = "<group>"; };
/* End PBXFileReference section */

/* Begin PBXFrameworksBuildPhase section */
		908EB7AF1D394E0F00733E6D /* Frameworks */ = {
			isa = PBXFrameworksBuildPhase;
			buildActionMask = 2147483647;
			files = (
			);
			runOnlyForDeploymentPostprocessing = 0;
		};
		908EB7C31D394E0F00733E6D /* Frameworks */ = {
			isa = PBXFrameworksBuildPhase;
			buildActionMask = 2147483647;
			files = (
			);
			runOnlyForDeploymentPostprocessing = 0;
		};
		908EB7CE1D394E0F00733E6D /* Frameworks */ = {
			isa = PBXFrameworksBuildPhase;
			buildActionMask = 2147483647;
			files = (
			);
			runOnlyForDeploymentPostprocessing = 0;
		};
/* End PBXFrameworksBuildPhase section */

/* Begin PBXGroup section */
		908EB7A91D394E0F00733E6D = {
			isa = PBXGroup;
			children = (
				908EB7B41D394E0F00733E6D /* Test iOS App */,
				908EB7C91D394E0F00733E6D /* Test iOS AppTests */,
				908EB7D41D394E0F00733E6D /* Test iOS AppUITests */,
				908EB7B31D394E0F00733E6D /* Products */,
			);
			sourceTree = "<group>";
		};
		908EB7B31D394E0F00733E6D /* Products */ = {
			isa = PBXGroup;
			children = (
				908EB7B21D394E0F00733E6D /* Test iOS App.app */,
				908EB7C61D394E0F00733E6D /* Test iOS AppTests.xctest */,
				908EB7D11D394E0F00733E6D /* Test iOS AppUITests.xctest */,
			);
			name = Products;
			sourceTree = "<group>";
		};
		908EB7B41D394E0F00733E6D /* Test iOS App */ = {
			isa = PBXGroup;
			children = (
				908EB7B51D394E0F00733E6D /* AppDelegate.swift */,
				908EB7B71D394E0F00733E6D /* ViewController.swift */,
				908EB7B91D394E0F00733E6D /* Main.storyboard */,
				908EB7BC1D394E0F00733E6D /* Assets.xcassets */,
				908EB7BE1D394E0F00733E6D /* LaunchScreen.storyboard */,
				908EB7C11D394E0F00733E6D /* Info.plist */,
			);
			path = "Test iOS App";
			sourceTree = "<group>";
		};
		908EB7C91D394E0F00733E6D /* Test iOS AppTests */ = {
			isa = PBXGroup;
			children = (
				908EB7CA1D394E0F00733E6D /* Test_iOS_AppTests.swift */,
				908EB7CC1D394E0F00733E6D /* Info.plist */,
			);
			path = "Test iOS AppTests";
			sourceTree = "<group>";
		};
		908EB7D41D394E0F00733E6D /* Test iOS AppUITests */ = {
			isa = PBXGroup;
			children = (
				908EB7D51D394E0F00733E6D /* Test_iOS_AppUITests.swift */,
				908EB7D71D394E0F00733E6D /* Info.plist */,
			);
			path = "Test iOS AppUITests";
			sourceTree = "<group>";
		};
/* End PBXGroup section */

/* Begin PBXNativeTarget section */
		908EB7B11D394E0F00733E6D /* Test iOS App */ = {
			isa = PBXNativeTarget;
			buildConfigurationList = 908EB7DA1D394E0F00733E6D /* Build configuration list for PBXNativeTarget "Test iOS App" */;
			buildPhases = (
				908EB7AE1D394E0F00733E6D /* Sources */,
				908EB7AF1D394E0F00733E6D /* Frameworks */,
				908EB7B01D394E0F00733E6D /* Resources */,
			);
			buildRules = (
			);
			dependencies = (
			);
			name = "Test iOS App";
			productName = "Test iOS App";
			productReference = 908EB7B21D394E0F00733E6D /* Test iOS App.app */;
			productType = "com.apple.product-type.application";
		};
		908EB7C51D394E0F00733E6D /* Test iOS AppTests */ = {
			isa = PBXNativeTarget;
			buildConfigurationList = 908EB7DD1D394E0F00733E6D /* Build configuration list for PBXNativeTarget "Test iOS AppTests" */;
			buildPhases = (
				908EB7C21D394E0F00733E6D /* Sources */,
				908EB7C31D394E0F00733E6D /* Frameworks */,
				908EB7C41D394E0F00733E6D /* Resources */,
			);
			buildRules = (
			);
			dependencies = (
				908EB7C81D394E0F00733E6D /* PBXTargetDependency */,
			);
			name = "Test iOS AppTests";
			productName = "Test iOS AppTests";
			productReference = 908EB7C61D394E0F00733E6D /* Test iOS AppTests.xctest */;
			productType = "com.apple.product-type.bundle.unit-test";
		};
		908EB7D01D394E0F00733E6D /* Test iOS AppUITests */ = {
			isa = PBXNativeTarget;
			buildConfigurationList = 908EB7E01D394E0F00733E6D /* Build configuration list for PBXNativeTarget "Test iOS AppUITests" */;
			buildPhases = (
				908EB7CD1D394E0F00733E6D /* Sources */,
				908EB7CE1D394E0F00733E6D /* Frameworks */,
				908EB7CF1D394E0F00733E6D /* Resources */,
			);
			buildRules = (
			);
			dependencies = (
				908EB7D31D394E0F00733E6D /* PBXTargetDependency */,
			);
			name = "Test iOS AppUITests";
			productName = "Test iOS AppUITests";
			productReference = 908EB7D11D394E0F00733E6D /* Test iOS AppUITests.xctest */;
			productType = "com.apple.product-type.bundle.ui-testing";
		};
/* End PBXNativeTarget section */

/* Begin PBXProject section */
		908EB7AA1D394E0F00733E6D /* Project object */ = {
			isa = PBXProject;
			attributes = {
				LastSwiftUpdateCheck = 0800;
				LastUpgradeCheck = 0800;
				ORGANIZATIONNAME = tuananhle;
				TargetAttributes = {
					908EB7B11D394E0F00733E6D = {
						CreatedOnToolsVersion = 8.0;
						DevelopmentTeam = EZMKQQE5YW;
						DevelopmentTeamName = "Le Anh  Tuan (Personal Team)";
						ProvisioningStyle = Automatic;
					};
					908EB7C51D394E0F00733E6D = {
						CreatedOnToolsVersion = 8.0;
						DevelopmentTeam = EZMKQQE5YW;
						DevelopmentTeamName = "Le Anh  Tuan (Personal Team)";
						ProvisioningStyle = Automatic;
						TestTargetID = 908EB7B11D394E0F00733E6D;
					};
					908EB7D01D394E0F00733E6D = {
						CreatedOnToolsVersion = 8.0;
						DevelopmentTeam = EZMKQQE5YW;
						DevelopmentTeamName = "Le Anh  Tuan (Personal Team)";
						ProvisioningStyle = Automatic;
						TestTargetID = 908EB7B11D394E0F00733E6D;
					};
				};
			};
			buildConfigurationList = 908EB7AD1D394E0F00733E6D /* Build configuration list for PBXProject "Test iOS App" */;
			compatibilityVersion = "Xcode 3.2";
			developmentRegion = English;
			hasScannedForEncodings = 0;
			knownRegions = (
				en,
				Base,
			);
			mainGroup = 908EB7A91D394E0F00733E6D;
			productRefGroup = 908EB7B31D394E0F00733E6D /* Products */;
			projectDirPath = "";
			projectRoot = "";
			targets = (
				908EB7B11D394E0F00733E6D /* Test iOS App */,
				908EB7C51D394E0F00733E6D /* Test iOS AppTests */,
				908EB7D01D394E0F00733E6D /* Test iOS AppUITests */,
			);
		};
/* End PBXProject section */

/* Begin PBXResourcesBuildPhase section */
		908EB7B01D394E0F00733E6D /* Resources */ = {
			isa = PBXResourcesBuildPhase;
			buildActionMask = 2147483647;
			files = (
				908EB7C01D394E0F00733E6D /* LaunchScreen.storyboard in Resources */,
				908EB7BD1D394E0F00733E6D /* Assets.xcassets in Resources */,
				908EB7BB1D394E0F00733E6D /* Main.storyboard in Resources */,
			);
			runOnlyForDeploymentPostprocessing = 0;
		};
		908EB7C41D394E0F00733E6D /* Resources */ = {
			isa = PBXResourcesBuildPhase;
			buildActionMask = 2147483647;
			files = (
			);
			runOnlyForDeploymentPostprocessing = 0;
		};
		908EB7CF1D394E0F00733E6D /* Resources */ = {
			isa = PBXResourcesBuildPhase;
			buildActionMask = 2147483647;
			files = (
			);
			runOnlyForDeploymentPostprocessing = 0;
		};
/* End PBXResourcesBuildPhase section */

/* Begin PBXSourcesBuildPhase section */
		908EB7AE1D394E0F00733E6D /* Sources */ = {
			isa = PBXSourcesBuildPhase;
			buildActionMask = 2147483647;
			files = (
				908EB7B81D394E0F00733E6D /* ViewController.swift in Sources */,
				908EB7B61D394E0F00733E6D /* AppDelegate.swift in Sources */,
			);
			runOnlyForDeploymentPostprocessing = 0;
		};
		908EB7C21D394E0F00733E6D /* Sources */ = {
			isa = PBXSourcesBuildPhase;
			buildActionMask = 2147483647;
			files = (
				908EB7CB1D394E0F00733E6D /* Test_iOS_AppTests.swift in Sources */,
			);
			runOnlyForDeploymentPostprocessing = 0;
		};
		908EB7CD1D394E0F00733E6D /* Sources */ = {
			isa = PBXSourcesBuildPhase;
			buildActionMask = 2147483647;
			files = (
				908EB7D61D394E0F00733E6D /* Test_iOS_AppUITests.swift in Sources */,
			);
			runOnlyForDeploymentPostprocessing = 0;
		};
/* End PBXSourcesBuildPhase section */

/* Begin PBXTargetDependency section */
		908EB7C81D394E0F00733E6D /* PBXTargetDependency */ = {
			isa = PBXTargetDependency;
			target = 908EB7B11D394E0F00733E6D /* Test iOS App */;
			targetProxy = 908EB7C71D394E0F00733E6D /* PBXContainerItemProxy */;
		};
		908EB7D31D394E0F00733E6D /* PBXTargetDependency */ = {
			isa = PBXTargetDependency;
			target = 908EB7B11D394E0F00733E6D /* Test iOS App */;
			targetProxy = 908EB7D21D394E0F00733E6D /* PBXContainerItemProxy */;
		};
/* End PBXTargetDependency section */

/* Begin PBXVariantGroup section */
		908EB7B91D394E0F00733E6D /* Main.storyboard */ = {
			isa = PBXVariantGroup;
			children = (
				908EB7BA1D394E0F00733E6D /* Base */,
			);
			name = Main.storyboard;
			sourceTree = "<group>";
		};
		908EB7BE1D394E0F00733E6D /* LaunchScreen.storyboard */ = {
			isa = PBXVariantGroup;
			children = (
				908EB7BF1D394E0F00733E6D /* Base */,
			);
			name = LaunchScreen.storyboard;
			sourceTree = "<group>";
		};
/* End PBXVariantGroup section */

/* Begin XCBuildConfiguration section */
		908EB7D81D394E0F00733E6D /* Debug */ = {
			isa = XCBuildConfiguration;
			buildSettings = {
				ALWAYS_SEARCH_USER_PATHS = NO;
				CLANG_ANALYZER_NONNULL = YES;
				CLANG_CXX_LANGUAGE_STANDARD = "gnu++0x";
				CLANG_CXX_LIBRARY = "libc++";
				CLANG_ENABLE_MODULES = YES;
				CLANG_ENABLE_OBJC_ARC = YES;
				CLANG_WARN_BOOL_CONVERSION = YES;
				CLANG_WARN_CONSTANT_CONVERSION = YES;
				CLANG_WARN_DIRECT_OBJC_ISA_USAGE = YES_ERROR;
				CLANG_WARN_DOCUMENTATION_COMMENTS = YES;
				CLANG_WARN_EMPTY_BODY = YES;
				CLANG_WARN_ENUM_CONVERSION = YES;
				CLANG_WARN_INT_CONVERSION = YES;
				CLANG_WARN_OBJC_ROOT_CLASS = YES_ERROR;
				CLANG_WARN_UNREACHABLE_CODE = YES;
				CLANG_WARN__DUPLICATE_METHOD_MATCH = YES;
				"CODE_SIGN_IDENTITY[sdk=iphoneos*]" = "iPhone Developer";
				COPY_PHASE_STRIP = NO;
				DEBUG_INFORMATION_FORMAT = dwarf;
				ENABLE_STRICT_OBJC_MSGSEND = YES;
				ENABLE_TESTABILITY = YES;
				GCC_C_LANGUAGE_STANDARD = gnu99;
				GCC_DYNAMIC_NO_PIC = NO;
				GCC_NO_COMMON_BLOCKS = YES;
				GCC_OPTIMIZATION_LEVEL = 0;
				GCC_PREPROCESSOR_DEFINITIONS = (
					"DEBUG=1",
					"$(inherited)",
				);
				GCC_WARN_64_TO_32_BIT_CONVERSION = YES;
				GCC_WARN_ABOUT_RETURN_TYPE = YES_ERROR;
				GCC_WARN_UNDECLARED_SELECTOR = YES;
				GCC_WARN_UNINITIALIZED_AUTOS = YES_AGGRESSIVE;
				GCC_WARN_UNUSED_FUNCTION = YES;
				GCC_WARN_UNUSED_VARIABLE = YES;
				IPHONEOS_DEPLOYMENT_TARGET = 10.0;
				MTL_ENABLE_DEBUG_INFO = YES;
				ONLY_ACTIVE_ARCH = YES;
				SDKROOT = iphoneos;
				SWIFT_ACTIVE_COMPILATION_CONDITIONS = DEBUG;
				SWIFT_OPTIMIZATION_LEVEL = "-Onone";
			};
			name = Debug;
		};
		908EB7D91D394E0F00733E6D /* Release */ = {
			isa = XCBuildConfiguration;
			buildSettings = {
				ALWAYS_SEARCH_USER_PATHS = NO;
				CLANG_ANALYZER_NONNULL = YES;
				CLANG_CXX_LANGUAGE_STANDARD = "gnu++0x";
				CLANG_CXX_LIBRARY = "libc++";
				CLANG_ENABLE_MODULES = YES;
				CLANG_ENABLE_OBJC_ARC = YES;
				CLANG_WARN_BOOL_CONVERSION = YES;
				CLANG_WARN_CONSTANT_CONVERSION = YES;
				CLANG_WARN_DIRECT_OBJC_ISA_USAGE = YES_ERROR;
				CLANG_WARN_DOCUMENTATION_COMMENTS = YES;
				CLANG_WARN_EMPTY_BODY = YES;
				CLANG_WARN_ENUM_CONVERSION = YES;
				CLANG_WARN_INT_CONVERSION = YES;
				CLANG_WARN_OBJC_ROOT_CLASS = YES_ERROR;
				CLANG_WARN_UNREACHABLE_CODE = YES;
				CLANG_WARN__DUPLICATE_METHOD_MATCH = YES;
				"CODE_SIGN_IDENTITY[sdk=iphoneos*]" = "iPhone Developer";
				COPY_PHASE_STRIP = NO;
				DEBUG_INFORMATION_FORMAT = "dwarf-with-dsym";
				ENABLE_NS_ASSERTIONS = NO;
				ENABLE_STRICT_OBJC_MSGSEND = YES;
				GCC_C_LANGUAGE_STANDARD = gnu99;
				GCC_NO_COMMON_BLOCKS = YES;
				GCC_WARN_64_TO_32_BIT_CONVERSION = YES;
				GCC_WARN_ABOUT_RETURN_TYPE = YES_ERROR;
				GCC_WARN_UNDECLARED_SELECTOR = YES;
				GCC_WARN_UNINITIALIZED_AUTOS = YES_AGGRESSIVE;
				GCC_WARN_UNUSED_FUNCTION = YES;
				GCC_WARN_UNUSED_VARIABLE = YES;
				IPHONEOS_DEPLOYMENT_TARGET = 10.0;
				MTL_ENABLE_DEBUG_INFO = NO;
				SDKROOT = iphoneos;
				SWIFT_OPTIMIZATION_LEVEL = "-Owholemodule";
				VALIDATE_PRODUCT = YES;
			};
			name = Release;
		};
		908EB7DB1D394E0F00733E6D /* Debug */ = {
			isa = XCBuildConfiguration;
			buildSettings = {
				ASSETCATALOG_COMPILER_APPICON_NAME = AppIcon;
				INFOPLIST_FILE = "Test iOS App/Info.plist";
				LD_RUNPATH_SEARCH_PATHS = "$(inherited) @executable_path/Frameworks";
				PRODUCT_BUNDLE_IDENTIFIER = "tuananhle.Test-iOS-App";
				PRODUCT_NAME = "$(TARGET_NAME)";
				SWIFT_VERSION = 3.0;
			};
			name = Debug;
		};
		908EB7DC1D394E0F00733E6D /* Release */ = {
			isa = XCBuildConfiguration;
			buildSettings = {
				ASSETCATALOG_COMPILER_APPICON_NAME = AppIcon;
				INFOPLIST_FILE = "Test iOS App/Info.plist";
				LD_RUNPATH_SEARCH_PATHS = "$(inherited) @executable_path/Frameworks";
				PRODUCT_BUNDLE_IDENTIFIER = "tuananhle.Test-iOS-App";
				PRODUCT_NAME = "$(TARGET_NAME)";
				SWIFT_VERSION = 3.0;
			};
			name = Release;
		};
		908EB7DE1D394E0F00733E6D /* Debug */ = {
			isa = XCBuildConfiguration;
			buildSettings = {
				BUNDLE_LOADER = "$(TEST_HOST)";
				INFOPLIST_FILE = "Test iOS AppTests/Info.plist";
				LD_RUNPATH_SEARCH_PATHS = "$(inherited) @executable_path/Frameworks @loader_path/Frameworks";
				PRODUCT_BUNDLE_IDENTIFIER = "tuananhle.Test-iOS-AppTests";
				PRODUCT_NAME = "$(TARGET_NAME)";
				SWIFT_VERSION = 3.0;
				TEST_HOST = "$(BUILT_PRODUCTS_DIR)/Test iOS App.app/Test iOS App";
			};
			name = Debug;
		};
		908EB7DF1D394E0F00733E6D /* Release */ = {
			isa = XCBuildConfiguration;
			buildSettings = {
				BUNDLE_LOADER = "$(TEST_HOST)";
				INFOPLIST_FILE = "Test iOS AppTests/Info.plist";
				LD_RUNPATH_SEARCH_PATHS = "$(inherited) @executable_path/Frameworks @loader_path/Frameworks";
				PRODUCT_BUNDLE_IDENTIFIER = "tuananhle.Test-iOS-AppTests";
				PRODUCT_NAME = "$(TARGET_NAME)";
				SWIFT_VERSION = 3.0;
				TEST_HOST = "$(BUILT_PRODUCTS_DIR)/Test iOS App.app/Test iOS App";
			};
			name = Release;
		};
		908EB7E11D394E0F00733E6D /* Debug */ = {
			isa = XCBuildConfiguration;
			buildSettings = {
				INFOPLIST_FILE = "Test iOS AppUITests/Info.plist";
				LD_RUNPATH_SEARCH_PATHS = "$(inherited) @executable_path/Frameworks @loader_path/Frameworks";
				PRODUCT_BUNDLE_IDENTIFIER = "tuananhle.Test-iOS-AppUITests";
				PRODUCT_NAME = "$(TARGET_NAME)";
				SWIFT_VERSION = 3.0;
				TEST_TARGET_NAME = "Test iOS App";
			};
			name = Debug;
		};
		908EB7E21D394E0F00733E6D /* Release */ = {
			isa = XCBuildConfiguration;
			buildSettings = {
				INFOPLIST_FILE = "Test iOS AppUITests/Info.plist";
				LD_RUNPATH_SEARCH_PATHS = "$(inherited) @executable_path/Frameworks @loader_path/Frameworks";
				PRODUCT_BUNDLE_IDENTIFIER = "tuananhle.Test-iOS-AppUITests";
				PRODUCT_NAME = "$(TARGET_NAME)";
				SWIFT_VERSION = 3.0;
				TEST_TARGET_NAME = "Test iOS App";
			};
			name = Release;
		};
/* End XCBuildConfiguration section */

/* Begin XCConfigurationList section */
		908EB7AD1D394E0F00733E6D /* Build configuration list for PBXProject "Test iOS App" */ = {
			isa = XCConfigurationList;
			buildConfigurations = (
				908EB7D81D394E0F00733E6D /* Debug */,
				908EB7D91D394E0F00733E6D /* Release */,
			);
			defaultConfigurationIsVisible = 0;
			defaultConfigurationName = Release;
		};
		908EB7DA1D394E0F00733E6D /* Build configuration list for PBXNativeTarget "Test iOS App" */ = {
			isa = XCConfigurationList;
			buildConfigurations = (
				908EB7DB1D394E0F00733E6D /* Debug */,
				908EB7DC1D394E0F00733E6D /* Release */,
			);
			defaultConfigurationIsVisible = 0;
		};
		908EB7DD1D394E0F00733E6D /* Build configuration list for PBXNativeTarget "Test iOS AppTests" */ = {
			isa = XCConfigurationList;
			buildConfigurations = (
				908EB7DE1D394E0F00733E6D /* Debug */,
				908EB7DF1D394E0F00733E6D /* Release */,
			);
			defaultConfigurationIsVisible = 0;
		};
		908EB7E01D394E0F00733E6D /* Build configuration list for PBXNativeTarget "Test iOS AppUITests" */ = {
			isa = XCConfigurationList;
			buildConfigurations = (
				908EB7E11D394E0F00733E6D /* Debug */,
				908EB7E21D394E0F00733E6D /* Release */,
			);
			defaultConfigurationIsVisible = 0;
		};
/* End XCConfigurationList section */
	};
	rootObject = 908EB7AA1D394E0F00733E6D /* Project object */;
}
